PODS:
  - MBProgressHUD (0.9.2)
  - MJExtension (3.0.13)
  - MJRefresh (3.1.12)
  - OpenShare (0.0.1)
  - SDCycleScrollView (1.65):
    - SDWebImage (~> 3.7)
  - SDWebImage (3.8.1):
    - SDWebImage/Core (= 3.8.1)
  - SDWebImage/Core (3.8.1)
  - SVProgressHUD (2.0.3)

DEPENDENCIES:
  - MBProgressHUD (~> 0.9.2)
  - MJExtension
  - MJRefresh
  - OpenShare
  - SDCycleScrollView
  - SDWebImage (~> 3.8)
  - SVProgressHUD

SPEC CHECKSUMS:
  MBProgressHUD: 1569cf7ace17a8bac47aabfbb8580a49690386d1
  MJExtension: 5932755f451458eefa24239358817f8d291240c7
  MJRefresh: b96cdb21c4aa75a7b07654311ab2f315c497e806
  OpenShare: a560580dbb729d5c0c3cc1ee84cd6aa4a07e94c6
  SDCycleScrollView: f72904c77698a7f93a41bcbbc2d78b073bf7326c
  SDWebImage: 35f9627a3e44b4f292a8a8ce6a531fa488239b91
  SVProgressHUD: b0830714205bea1317ea1a2ebc71e5633af334d4

PODFILE CHECKSUM: 38b610c480b2aa9b70252876f6b41e452f33083c

COCOAPODS: 1.0.1
